
Microsoft Visual Studio Solution File, Format Version 10.00
# Visual C# Express 2008
Project("{FAE04EC0-301F-11D3-BF4B-00C04F79EFBC}") = "sharpCommander", "sharpCommander\sharpCommander.csproj", "{07C939F7-889A-463B-8715-46EE965300C9}"
EndProject
Global
	GlobalSection(SolutionConfigurationPlatforms) = preSolution
		Debug|Any CPU = Debug|Any CPU
		Release|Any CPU = Release|Any CPU
	EndGlobalSection
	GlobalSection(ProjectConfigurationPlatforms) = postSolution
		{07C939F7-889A-463B-8715-46EE965300C9}.Debug|Any CPU.ActiveCfg = Debug|Any CPU
		{07C939F7-889A-463B-8715-46EE965300C9}.Debug|Any CPU.Build.0 = Debug|Any CPU
		{07C939F7-889A-463B-8715-46EE965300C9}.Release|Any CPU.ActiveCfg = Release|Any CPU
		{07C939F7-889A-463B-8715-46EE965300C9}.Release|Any CPU.Build.0 = Release|Any CPU
	EndGlobalSection
	GlobalSection(SolutionProperties) = preSolution
		HideSolutionNode = FALSE
	EndGlobalSection
EndGlobal
